
Microsoft Visual Studio Solution File, Format Version 12.00
# Visual Studio Version 16
VisualStudioVersion = 16.0.30413.136
MinimumVisualStudioVersion = 10.0.40219.1
Project("{FAE04EC0-301F-11D3-BF4B-00C04F79EFBC}") = "betamart", "betamart\betamart.csproj", "{F02C0020-3B9E-4C87-8794-FA8E604815E2}"
EndProject
Global
	GlobalSection(SolutionConfigurationPlatforms) = preSolution
		Debug|Any CPU = Debug|Any CPU
		Release|Any CPU = Release|Any CPU
	EndGlobalSection
	GlobalSection(ProjectConfigurationPlatforms) = postSolution
		{F02C0020-3B9E-4C87-8794-FA8E604815E2}.Debug|Any CPU.ActiveCfg = Debug|Any CPU
		{F02C0020-3B9E-4C87-8794-FA8E604815E2}.Debug|Any CPU.Build.0 = Debug|Any CPU
		{F02C0020-3B9E-4C87-8794-FA8E604815E2}.Release|Any CPU.ActiveCfg = Release|Any CPU
		{F02C0020-3B9E-4C87-8794-FA8E604815E2}.Release|Any CPU.Build.0 = Release|Any CPU
	EndGlobalSection
	GlobalSection(SolutionProperties) = preSolution
		HideSolutionNode = FALSE
	EndGlobalSection
	GlobalSection(ExtensibilityGlobals) = postSolution
		SolutionGuid = {605124D6-8572-4E29-BC77-2CD947444E3F}
	EndGlobalSection
EndGlobal
