
Microsoft Visual Studio Solution File, Format Version 12.00
# Visual Studio Version 16
VisualStudioVersion = 16.0.30413.136
MinimumVisualStudioVersion = 10.0.40219.1
Project("{FAE04EC0-301F-11D3-BF4B-00C04F79EFBC}") = "betamart", "betamart\betamart.csproj", "{7296A4F5-2E39-4DE5-AA31-C443D1F9D841}"
EndProject
Global
	GlobalSection(SolutionConfigurationPlatforms) = preSolution
		Debug|Any CPU = Debug|Any CPU
		Release|Any CPU = Release|Any CPU
	EndGlobalSection
	GlobalSection(ProjectConfigurationPlatforms) = postSolution
		{7296A4F5-2E39-4DE5-AA31-C443D1F9D841}.Debug|Any CPU.ActiveCfg = Debug|Any CPU
		{7296A4F5-2E39-4DE5-AA31-C443D1F9D841}.Debug|Any CPU.Build.0 = Debug|Any CPU
		{7296A4F5-2E39-4DE5-AA31-C443D1F9D841}.Release|Any CPU.ActiveCfg = Release|Any CPU
		{7296A4F5-2E39-4DE5-AA31-C443D1F9D841}.Release|Any CPU.Build.0 = Release|Any CPU
	EndGlobalSection
	GlobalSection(SolutionProperties) = preSolution
		HideSolutionNode = FALSE
	EndGlobalSection
	GlobalSection(ExtensibilityGlobals) = postSolution
		SolutionGuid = {CE5E7B13-3A9A-4DEE-A5D7-8278AAC73ED5}
	EndGlobalSection
EndGlobal
